{
  "name": "lab15",
  "version": "1.0.0",
  "lockfileVersion": 3,
  "requires": true,
  "main": "index.js",
  "packages": {},
  "devDependencies": {
    "@testing-library/jest-dom": "^5.16.4",
    "@testing-library/react": "^13.0.0",
    "vitest": "^0.21.0"
  },
  "scripts": {
    "build": "vite build",
    "dev": "vite",
    "serve": "vite preview",
    "test": "vitest"
  }
}
